
Microsoft Visual Studio Solution File, Format Version 12.00
# Visual Studio Version 17
VisualStudioVersion = 17.12.35514.174
MinimumVisualStudioVersion = 10.0.40219.1
Project("{2150E333-8FDC-42A3-9474-1A3956D46DE8}") = "Source", "Source", "{F19C7A44-ED2C-4FEE-8110-C53DE3788EF7}"
EndProject
Project("{2150E333-8FDC-42A3-9474-1A3956D46DE8}") = "Tests", "Tests", "{6E341326-58C4-44F5-B66D-79A7F886652F}"
EndProject
Project("{FAE04EC0-301F-11D3-BF4B-00C04F79EFBC}") = "PMS.WebAPI", "Source\PMS.WebAPI\PMS.WebAPI.csproj", "{871CF8AA-2163-4455-B153-46EEA9443E0B}"
EndProject
Project("{FAE04EC0-301F-11D3-BF4B-00C04F79EFBC}") = "PMS.Business", "Source\PMS.Business\PMS.Business.csproj", "{8FAD8D5A-7DD3-4314-9DB1-17EDB1A8D744}"
EndProject
Project("{FAE04EC0-301F-11D3-BF4B-00C04F79EFBC}") = "PMS.Repository", "Source\PMS.Repository\PMS.Repository.csproj", "{03938FC3-0D1F-406C-93B4-9E3D45E7CCFA}"
EndProject
Project("{FAE04EC0-301F-11D3-BF4B-00C04F79EFBC}") = "PMS.WebAPI.Tests", "Tests\PMS.WebAPI.Tests\PMS.WebAPI.Tests.csproj", "{3F6A7D73-1B03-4A8B-A8EF-5E3B522BF9B9}"
EndProject
Project("{FAE04EC0-301F-11D3-BF4B-00C04F79EFBC}") = "PMS.Business.Tests", "Tests\PMS.Business.Tests\PMS.Business.Tests.csproj", "{9E0381CF-9C48-4AA2-9CF0-7385E6470008}"
EndProject
Project("{FAE04EC0-301F-11D3-BF4B-00C04F79EFBC}") = "PMS.Repository.Tests", "Tests\PMS.Repository.Tests\PMS.Repository.Tests.csproj", "{1AEDBD16-5B6E-4EB1-813D-530566F812AE}"
EndProject
Project("{FAE04EC0-301F-11D3-BF4B-00C04F79EFBC}") = "PMS.DTO", "Source\PMS.DTO\PMS.DTO.csproj", "{E1657BE7-4C68-4250-8060-5F0162E9555A}"
EndProject
Project("{FAE04EC0-301F-11D3-BF4B-00C04F79EFBC}") = "PMS.Common", "Source\PMS.Common\PMS.Common.csproj", "{0015A4F5-3FC1-43A0-89A6-B1C38807A511}"
EndProject
Project("{2150E333-8FDC-42A3-9474-1A3956D46DE8}") = "Solution Items", "Solution Items", "{1DA76D83-5EA7-466F-888A-2A805D0C7F5C}"
	ProjectSection(SolutionItems) = preProject
		Readme.md = Readme.md
	EndProjectSection
EndProject
Global
	GlobalSection(SolutionConfigurationPlatforms) = preSolution
		Debug|Any CPU = Debug|Any CPU
		Release|Any CPU = Release|Any CPU
	EndGlobalSection
	GlobalSection(ProjectConfigurationPlatforms) = postSolution
		{871CF8AA-2163-4455-B153-46EEA9443E0B}.Debug|Any CPU.ActiveCfg = Debug|Any CPU
		{871CF8AA-2163-4455-B153-46EEA9443E0B}.Debug|Any CPU.Build.0 = Debug|Any CPU
		{871CF8AA-2163-4455-B153-46EEA9443E0B}.Release|Any CPU.ActiveCfg = Release|Any CPU
		{871CF8AA-2163-4455-B153-46EEA9443E0B}.Release|Any CPU.Build.0 = Release|Any CPU
		{8FAD8D5A-7DD3-4314-9DB1-17EDB1A8D744}.Debug|Any CPU.ActiveCfg = Debug|Any CPU
		{8FAD8D5A-7DD3-4314-9DB1-17EDB1A8D744}.Debug|Any CPU.Build.0 = Debug|Any CPU
		{8FAD8D5A-7DD3-4314-9DB1-17EDB1A8D744}.Release|Any CPU.ActiveCfg = Release|Any CPU
		{8FAD8D5A-7DD3-4314-9DB1-17EDB1A8D744}.Release|Any CPU.Build.0 = Release|Any CPU
		{03938FC3-0D1F-406C-93B4-9E3D45E7CCFA}.Debug|Any CPU.ActiveCfg = Debug|Any CPU
		{03938FC3-0D1F-406C-93B4-9E3D45E7CCFA}.Debug|Any CPU.Build.0 = Debug|Any CPU
		{03938FC3-0D1F-406C-93B4-9E3D45E7CCFA}.Release|Any CPU.ActiveCfg = Release|Any CPU
		{03938FC3-0D1F-406C-93B4-9E3D45E7CCFA}.Release|Any CPU.Build.0 = Release|Any CPU
		{3F6A7D73-1B03-4A8B-A8EF-5E3B522BF9B9}.Debug|Any CPU.ActiveCfg = Debug|Any CPU
		{3F6A7D73-1B03-4A8B-A8EF-5E3B522BF9B9}.Debug|Any CPU.Build.0 = Debug|Any CPU
		{3F6A7D73-1B03-4A8B-A8EF-5E3B522BF9B9}.Release|Any CPU.ActiveCfg = Release|Any CPU
		{3F6A7D73-1B03-4A8B-A8EF-5E3B522BF9B9}.Release|Any CPU.Build.0 = Release|Any CPU
		{9E0381CF-9C48-4AA2-9CF0-7385E6470008}.Debug|Any CPU.ActiveCfg = Debug|Any CPU
		{9E0381CF-9C48-4AA2-9CF0-7385E6470008}.Debug|Any CPU.Build.0 = Debug|Any CPU
		{9E0381CF-9C48-4AA2-9CF0-7385E6470008}.Release|Any CPU.ActiveCfg = Release|Any CPU
		{9E0381CF-9C48-4AA2-9CF0-7385E6470008}.Release|Any CPU.Build.0 = Release|Any CPU
		{1AEDBD16-5B6E-4EB1-813D-530566F812AE}.Debug|Any CPU.ActiveCfg = Debug|Any CPU
		{1AEDBD16-5B6E-4EB1-813D-530566F812AE}.Debug|Any CPU.Build.0 = Debug|Any CPU
		{1AEDBD16-5B6E-4EB1-813D-530566F812AE}.Release|Any CPU.ActiveCfg = Release|Any CPU
		{1AEDBD16-5B6E-4EB1-813D-530566F812AE}.Release|Any CPU.Build.0 = Release|Any CPU
		{E1657BE7-4C68-4250-8060-5F0162E9555A}.Debug|Any CPU.ActiveCfg = Debug|Any CPU
		{E1657BE7-4C68-4250-8060-5F0162E9555A}.Debug|Any CPU.Build.0 = Debug|Any CPU
		{E1657BE7-4C68-4250-8060-5F0162E9555A}.Release|Any CPU.ActiveCfg = Release|Any CPU
		{E1657BE7-4C68-4250-8060-5F0162E9555A}.Release|Any CPU.Build.0 = Release|Any CPU
		{0015A4F5-3FC1-43A0-89A6-B1C38807A511}.Debug|Any CPU.ActiveCfg = Debug|Any CPU
		{0015A4F5-3FC1-43A0-89A6-B1C38807A511}.Debug|Any CPU.Build.0 = Debug|Any CPU
		{0015A4F5-3FC1-43A0-89A6-B1C38807A511}.Release|Any CPU.ActiveCfg = Release|Any CPU
		{0015A4F5-3FC1-43A0-89A6-B1C38807A511}.Release|Any CPU.Build.0 = Release|Any CPU
	EndGlobalSection
	GlobalSection(SolutionProperties) = preSolution
		HideSolutionNode = FALSE
	EndGlobalSection
	GlobalSection(NestedProjects) = preSolution
		{871CF8AA-2163-4455-B153-46EEA9443E0B} = {F19C7A44-ED2C-4FEE-8110-C53DE3788EF7}
		{8FAD8D5A-7DD3-4314-9DB1-17EDB1A8D744} = {F19C7A44-ED2C-4FEE-8110-C53DE3788EF7}
		{03938FC3-0D1F-406C-93B4-9E3D45E7CCFA} = {F19C7A44-ED2C-4FEE-8110-C53DE3788EF7}
		{3F6A7D73-1B03-4A8B-A8EF-5E3B522BF9B9} = {6E341326-58C4-44F5-B66D-79A7F886652F}
		{9E0381CF-9C48-4AA2-9CF0-7385E6470008} = {6E341326-58C4-44F5-B66D-79A7F886652F}
		{1AEDBD16-5B6E-4EB1-813D-530566F812AE} = {6E341326-58C4-44F5-B66D-79A7F886652F}
		{E1657BE7-4C68-4250-8060-5F0162E9555A} = {F19C7A44-ED2C-4FEE-8110-C53DE3788EF7}
		{0015A4F5-3FC1-43A0-89A6-B1C38807A511} = {F19C7A44-ED2C-4FEE-8110-C53DE3788EF7}
	EndGlobalSection
EndGlobal
